
Microsoft Visual Studio Solution File, Format Version 12.00
# Visual Studio 15
VisualStudioVersion = 15.0.26124.0
MinimumVisualStudioVersion = 15.0.26124.0
Project("{FAE04EC0-301F-11D3-BF4B-00C04F79EFBC}") = "App", "App\App.csproj", "{EF1B435E-032C-4EAB-96BA-71566BCFFEE2}"
EndProject
Project("{FAE04EC0-301F-11D3-BF4B-00C04F79EFBC}") = "App.Tests", "App.Tests\App.Tests.csproj", "{4A0A966E-B6F6-43F6-8891-D09B89CB99E0}"
EndProject
Project("{FAE04EC0-301F-11D3-BF4B-00C04F79EFBC}") = "Shared", "Shared\Shared.csproj", "{D3C6D58F-84F9-4EF0-BCAB-196B09A6DCFF}"
EndProject
Project("{FAE04EC0-301F-11D3-BF4B-00C04F79EFBC}") = "FilePersistence", "FilePersistence\FilePersistence.csproj", "{F09032F3-ACF4-4808-AAA7-9000E66FE1AA}"
EndProject
Project("{FAE04EC0-301F-11D3-BF4B-00C04F79EFBC}") = "FilePersistence.Tests", "FilePersistence.Tests\FilePersistence.Tests.csproj", "{6D21C7CE-BE99-44D3-9778-50E79408B460}"
EndProject
Global
	GlobalSection(SolutionConfigurationPlatforms) = preSolution
		Debug|Any CPU = Debug|Any CPU
		Debug|x64 = Debug|x64
		Debug|x86 = Debug|x86
		Release|Any CPU = Release|Any CPU
		Release|x64 = Release|x64
		Release|x86 = Release|x86
	EndGlobalSection
	GlobalSection(SolutionProperties) = preSolution
		HideSolutionNode = FALSE
	EndGlobalSection
	GlobalSection(ProjectConfigurationPlatforms) = postSolution
		{EF1B435E-032C-4EAB-96BA-71566BCFFEE2}.Debug|Any CPU.ActiveCfg = Debug|Any CPU
		{EF1B435E-032C-4EAB-96BA-71566BCFFEE2}.Debug|Any CPU.Build.0 = Debug|Any CPU
		{EF1B435E-032C-4EAB-96BA-71566BCFFEE2}.Debug|x64.ActiveCfg = Debug|Any CPU
		{EF1B435E-032C-4EAB-96BA-71566BCFFEE2}.Debug|x64.Build.0 = Debug|Any CPU
		{EF1B435E-032C-4EAB-96BA-71566BCFFEE2}.Debug|x86.ActiveCfg = Debug|Any CPU
		{EF1B435E-032C-4EAB-96BA-71566BCFFEE2}.Debug|x86.Build.0 = Debug|Any CPU
		{EF1B435E-032C-4EAB-96BA-71566BCFFEE2}.Release|Any CPU.ActiveCfg = Release|Any CPU
		{EF1B435E-032C-4EAB-96BA-71566BCFFEE2}.Release|Any CPU.Build.0 = Release|Any CPU
		{EF1B435E-032C-4EAB-96BA-71566BCFFEE2}.Release|x64.ActiveCfg = Release|Any CPU
		{EF1B435E-032C-4EAB-96BA-71566BCFFEE2}.Release|x64.Build.0 = Release|Any CPU
		{EF1B435E-032C-4EAB-96BA-71566BCFFEE2}.Release|x86.ActiveCfg = Release|Any CPU
		{EF1B435E-032C-4EAB-96BA-71566BCFFEE2}.Release|x86.Build.0 = Release|Any CPU
		{4A0A966E-B6F6-43F6-8891-D09B89CB99E0}.Debug|Any CPU.ActiveCfg = Debug|Any CPU
		{4A0A966E-B6F6-43F6-8891-D09B89CB99E0}.Debug|Any CPU.Build.0 = Debug|Any CPU
		{4A0A966E-B6F6-43F6-8891-D09B89CB99E0}.Debug|x64.ActiveCfg = Debug|Any CPU
		{4A0A966E-B6F6-43F6-8891-D09B89CB99E0}.Debug|x64.Build.0 = Debug|Any CPU
		{4A0A966E-B6F6-43F6-8891-D09B89CB99E0}.Debug|x86.ActiveCfg = Debug|Any CPU
		{4A0A966E-B6F6-43F6-8891-D09B89CB99E0}.Debug|x86.Build.0 = Debug|Any CPU
		{4A0A966E-B6F6-43F6-8891-D09B89CB99E0}.Release|Any CPU.ActiveCfg = Release|Any CPU
		{4A0A966E-B6F6-43F6-8891-D09B89CB99E0}.Release|Any CPU.Build.0 = Release|Any CPU
		{4A0A966E-B6F6-43F6-8891-D09B89CB99E0}.Release|x64.ActiveCfg = Release|Any CPU
		{4A0A966E-B6F6-43F6-8891-D09B89CB99E0}.Release|x64.Build.0 = Release|Any CPU
		{4A0A966E-B6F6-43F6-8891-D09B89CB99E0}.Release|x86.ActiveCfg = Release|Any CPU
		{4A0A966E-B6F6-43F6-8891-D09B89CB99E0}.Release|x86.Build.0 = Release|Any CPU
		{D3C6D58F-84F9-4EF0-BCAB-196B09A6DCFF}.Debug|Any CPU.ActiveCfg = Debug|Any CPU
		{D3C6D58F-84F9-4EF0-BCAB-196B09A6DCFF}.Debug|Any CPU.Build.0 = Debug|Any CPU
		{D3C6D58F-84F9-4EF0-BCAB-196B09A6DCFF}.Debug|x64.ActiveCfg = Debug|Any CPU
		{D3C6D58F-84F9-4EF0-BCAB-196B09A6DCFF}.Debug|x64.Build.0 = Debug|Any CPU
		{D3C6D58F-84F9-4EF0-BCAB-196B09A6DCFF}.Debug|x86.ActiveCfg = Debug|Any CPU
		{D3C6D58F-84F9-4EF0-BCAB-196B09A6DCFF}.Debug|x86.Build.0 = Debug|Any CPU
		{D3C6D58F-84F9-4EF0-BCAB-196B09A6DCFF}.Release|Any CPU.ActiveCfg = Release|Any CPU
		{D3C6D58F-84F9-4EF0-BCAB-196B09A6DCFF}.Release|Any CPU.Build.0 = Release|Any CPU
		{D3C6D58F-84F9-4EF0-BCAB-196B09A6DCFF}.Release|x64.ActiveCfg = Release|Any CPU
		{D3C6D58F-84F9-4EF0-BCAB-196B09A6DCFF}.Release|x64.Build.0 = Release|Any CPU
		{D3C6D58F-84F9-4EF0-BCAB-196B09A6DCFF}.Release|x86.ActiveCfg = Release|Any CPU
		{D3C6D58F-84F9-4EF0-BCAB-196B09A6DCFF}.Release|x86.Build.0 = Release|Any CPU
		{0909281B-26D0-49F5-9AC7-D08D7DF64D00}.Debug|Any CPU.ActiveCfg = Debug|Any CPU
		{0909281B-26D0-49F5-9AC7-D08D7DF64D00}.Debug|Any CPU.Build.0 = Debug|Any CPU
		{0909281B-26D0-49F5-9AC7-D08D7DF64D00}.Debug|x64.ActiveCfg = Debug|Any CPU
		{0909281B-26D0-49F5-9AC7-D08D7DF64D00}.Debug|x64.Build.0 = Debug|Any CPU
		{0909281B-26D0-49F5-9AC7-D08D7DF64D00}.Debug|x86.ActiveCfg = Debug|Any CPU
		{0909281B-26D0-49F5-9AC7-D08D7DF64D00}.Debug|x86.Build.0 = Debug|Any CPU
		{0909281B-26D0-49F5-9AC7-D08D7DF64D00}.Release|Any CPU.ActiveCfg = Release|Any CPU
		{0909281B-26D0-49F5-9AC7-D08D7DF64D00}.Release|Any CPU.Build.0 = Release|Any CPU
		{0909281B-26D0-49F5-9AC7-D08D7DF64D00}.Release|x64.ActiveCfg = Release|Any CPU
		{0909281B-26D0-49F5-9AC7-D08D7DF64D00}.Release|x64.Build.0 = Release|Any CPU
		{0909281B-26D0-49F5-9AC7-D08D7DF64D00}.Release|x86.ActiveCfg = Release|Any CPU
		{0909281B-26D0-49F5-9AC7-D08D7DF64D00}.Release|x86.Build.0 = Release|Any CPU
		{F09032F3-ACF4-4808-AAA7-9000E66FE1AA}.Debug|Any CPU.ActiveCfg = Debug|Any CPU
		{F09032F3-ACF4-4808-AAA7-9000E66FE1AA}.Debug|Any CPU.Build.0 = Debug|Any CPU
		{F09032F3-ACF4-4808-AAA7-9000E66FE1AA}.Debug|x64.ActiveCfg = Debug|Any CPU
		{F09032F3-ACF4-4808-AAA7-9000E66FE1AA}.Debug|x64.Build.0 = Debug|Any CPU
		{F09032F3-ACF4-4808-AAA7-9000E66FE1AA}.Debug|x86.ActiveCfg = Debug|Any CPU
		{F09032F3-ACF4-4808-AAA7-9000E66FE1AA}.Debug|x86.Build.0 = Debug|Any CPU
		{F09032F3-ACF4-4808-AAA7-9000E66FE1AA}.Release|Any CPU.ActiveCfg = Release|Any CPU
		{F09032F3-ACF4-4808-AAA7-9000E66FE1AA}.Release|Any CPU.Build.0 = Release|Any CPU
		{F09032F3-ACF4-4808-AAA7-9000E66FE1AA}.Release|x64.ActiveCfg = Release|Any CPU
		{F09032F3-ACF4-4808-AAA7-9000E66FE1AA}.Release|x64.Build.0 = Release|Any CPU
		{F09032F3-ACF4-4808-AAA7-9000E66FE1AA}.Release|x86.ActiveCfg = Release|Any CPU
		{F09032F3-ACF4-4808-AAA7-9000E66FE1AA}.Release|x86.Build.0 = Release|Any CPU
		{6D21C7CE-BE99-44D3-9778-50E79408B460}.Debug|Any CPU.ActiveCfg = Debug|Any CPU
		{6D21C7CE-BE99-44D3-9778-50E79408B460}.Debug|Any CPU.Build.0 = Debug|Any CPU
		{6D21C7CE-BE99-44D3-9778-50E79408B460}.Debug|x64.ActiveCfg = Debug|Any CPU
		{6D21C7CE-BE99-44D3-9778-50E79408B460}.Debug|x64.Build.0 = Debug|Any CPU
		{6D21C7CE-BE99-44D3-9778-50E79408B460}.Debug|x86.ActiveCfg = Debug|Any CPU
		{6D21C7CE-BE99-44D3-9778-50E79408B460}.Debug|x86.Build.0 = Debug|Any CPU
		{6D21C7CE-BE99-44D3-9778-50E79408B460}.Release|Any CPU.ActiveCfg = Release|Any CPU
		{6D21C7CE-BE99-44D3-9778-50E79408B460}.Release|Any CPU.Build.0 = Release|Any CPU
		{6D21C7CE-BE99-44D3-9778-50E79408B460}.Release|x64.ActiveCfg = Release|Any CPU
		{6D21C7CE-BE99-44D3-9778-50E79408B460}.Release|x64.Build.0 = Release|Any CPU
		{6D21C7CE-BE99-44D3-9778-50E79408B460}.Release|x86.ActiveCfg = Release|Any CPU
		{6D21C7CE-BE99-44D3-9778-50E79408B460}.Release|x86.Build.0 = Release|Any CPU
	EndGlobalSection
EndGlobal
